// !$*UTF8*$!
{
	archiveVersion = 1;
	classes = {
	};
	objectVersion = 51;
	objects = {

/* Begin PBXBuildFile section */
		C441227125E3E30600641F6F /* LaunchScreen.xib in Resources */ = {isa = PBXBuildFile; fileRef = C441227025E3E30600641F6F /* LaunchScreen.xib */; };
		C44D038125DC0E8F007ADD0A /* WSManager.swift in Sources */ = {isa = PBXBuildFile; fileRef = C44D038025DC0E8F007ADD0A /* WSManager.swift */; };
		C484558025DA81B5005B812A /* AppDelegate.swift in Sources */ = {isa = PBXBuildFile; fileRef = C484557F25DA81B5005B812A /* AppDelegate.swift */; };
		C484558925DA81B7005B812A /* Assets.xcassets in Resources */ = {isa = PBXBuildFile; fileRef = C484558825DA81B7005B812A /* Assets.xcassets */; };
		C49BD24325E36BB7002D51E4 /* SearchHeaderTableCell.swift in Sources */ = {isa = PBXBuildFile; fileRef = C49BD24125E36BB7002D51E4 /* SearchHeaderTableCell.swift */; };
		C49BD24425E36BB7002D51E4 /* SearchHeaderTableCell.xib in Resources */ = {isa = PBXBuildFile; fileRef = C49BD24225E36BB7002D51E4 /* SearchHeaderTableCell.xib */; };
		C49BD25225E36D74002D51E4 /* SuggestionsCollectionTableCell.swift in Sources */ = {isa = PBXBuildFile; fileRef = C49BD25025E36D74002D51E4 /* SuggestionsCollectionTableCell.swift */; };
		C49BD25325E36D74002D51E4 /* SuggestionsCollectionTableCell.xib in Resources */ = {isa = PBXBuildFile; fileRef = C49BD25125E36D74002D51E4 /* SuggestionsCollectionTableCell.xib */; };
		C49BD25725E36DFC002D51E4 /* SuggestionCollectionCell.swift in Sources */ = {isa = PBXBuildFile; fileRef = C49BD25525E36DFC002D51E4 /* SuggestionCollectionCell.swift */; };
		C49BD25825E36DFC002D51E4 /* SuggestionCollectionCell.xib in Resources */ = {isa = PBXBuildFile; fileRef = C49BD25625E36DFC002D51E4 /* SuggestionCollectionCell.xib */; };
		C49BD25F25E396ED002D51E4 /* HTTPManager.swift in Sources */ = {isa = PBXBuildFile; fileRef = C49BD25E25E396ED002D51E4 /* HTTPManager.swift */; };
		C49BD26425E39898002D51E4 /* Ticker.swift in Sources */ = {isa = PBXBuildFile; fileRef = C49BD26325E39898002D51E4 /* Ticker.swift */; };
		C49BD26825E3ACD4002D51E4 /* UIView.swift in Sources */ = {isa = PBXBuildFile; fileRef = C49BD26725E3ACD4002D51E4 /* UIView.swift */; };
		C4A274E525DFF19900DDD083 /* UISegmentedControl.swift in Sources */ = {isa = PBXBuildFile; fileRef = C4A274E425DFF19900DDD083 /* UISegmentedControl.swift */; };
		C4A274E825DFF1B300DDD083 /* UIImage.swift in Sources */ = {isa = PBXBuildFile; fileRef = C4A274E725DFF1B300DDD083 /* UIImage.swift */; };
		C4A274EB25DFF39900DDD083 /* Data.swift in Sources */ = {isa = PBXBuildFile; fileRef = C4A274EA25DFF39900DDD083 /* Data.swift */; };
		C4A274EF25DFFCCB00DDD083 /* UIImageView.swift in Sources */ = {isa = PBXBuildFile; fileRef = C4A274EE25DFFCCB00DDD083 /* UIImageView.swift */; };
		C4AC8B8E25E0C2AB00EAA302 /* SearchViewController.swift in Sources */ = {isa = PBXBuildFile; fileRef = C4AC8B8C25E0C2AB00EAA302 /* SearchViewController.swift */; };
		C4AC8B8F25E0C2AB00EAA302 /* SearchViewController.xib in Resources */ = {isa = PBXBuildFile; fileRef = C4AC8B8D25E0C2AB00EAA302 /* SearchViewController.xib */; };
		C4C6AC1625E4C72000492D4C /* PageViewController.swift in Sources */ = {isa = PBXBuildFile; fileRef = C4C6AC1425E4C72000492D4C /* PageViewController.swift */; };
		C4C6AC1725E4C72000492D4C /* PageViewController.xib in Resources */ = {isa = PBXBuildFile; fileRef = C4C6AC1525E4C72000492D4C /* PageViewController.xib */; };
		C4C6AC2325E4C9A200492D4C /* ChartViewController.swift in Sources */ = {isa = PBXBuildFile; fileRef = C4C6AC2125E4C9A200492D4C /* ChartViewController.swift */; };
		C4C6AC2425E4C9A200492D4C /* ChartViewController.xib in Resources */ = {isa = PBXBuildFile; fileRef = C4C6AC2225E4C9A200492D4C /* ChartViewController.xib */; };
		C4C6AC2925E4C9BB00492D4C /* SummaryViewController.swift in Sources */ = {isa = PBXBuildFile; fileRef = C4C6AC2725E4C9BB00492D4C /* SummaryViewController.swift */; };
		C4C6AC2A25E4C9BB00492D4C /* SummaryViewController.xib in Resources */ = {isa = PBXBuildFile; fileRef = C4C6AC2825E4C9BB00492D4C /* SummaryViewController.xib */; };
		C4C6AC3125E4C9E300492D4C /* NewsViewController.swift in Sources */ = {isa = PBXBuildFile; fileRef = C4C6AC2F25E4C9E300492D4C /* NewsViewController.swift */; };
		C4C6AC3225E4C9E300492D4C /* NewsViewController.xib in Resources */ = {isa = PBXBuildFile; fileRef = C4C6AC3025E4C9E300492D4C /* NewsViewController.xib */; };
		C4C6AC3625E4D2AF00492D4C /* PagerOption.swift in Sources */ = {isa = PBXBuildFile; fileRef = C4C6AC3525E4D2AE00492D4C /* PagerOption.swift */; };
		C4EF382625DFA42200C27931 /* ListHeaderTableCell.swift in Sources */ = {isa = PBXBuildFile; fileRef = C4EF382425DFA42200C27931 /* ListHeaderTableCell.swift */; };
		C4EF382725DFA42200C27931 /* ListHeaderTableCell.xib in Resources */ = {isa = PBXBuildFile; fileRef = C4EF382525DFA42200C27931 /* ListHeaderTableCell.xib */; };
		C4F14F5725DF80E200696592 /* IBDesignable.swift in Sources */ = {isa = PBXBuildFile; fileRef = C4F14F5625DF80E200696592 /* IBDesignable.swift */; };
		C4F14F6825DF816800696592 /* Roboto-Medium.ttf in Resources */ = {isa = PBXBuildFile; fileRef = C4F14F5B25DF816800696592 /* Roboto-Medium.ttf */; };
		C4F14F6925DF816800696592 /* Roboto-Light.ttf in Resources */ = {isa = PBXBuildFile; fileRef = C4F14F5C25DF816800696592 /* Roboto-Light.ttf */; };
		C4F14F6A25DF816800696592 /* Roboto-Regular.ttf in Resources */ = {isa = PBXBuildFile; fileRef = C4F14F5D25DF816800696592 /* Roboto-Regular.ttf */; };
		C4F14F6B25DF816800696592 /* Roboto-MediumItalic.ttf in Resources */ = {isa = PBXBuildFile; fileRef = C4F14F5E25DF816800696592 /* Roboto-MediumItalic.ttf */; };
		C4F14F6C25DF816800696592 /* Roboto-ThinItalic.ttf in Resources */ = {isa = PBXBuildFile; fileRef = C4F14F5F25DF816800696592 /* Roboto-ThinItalic.ttf */; };
		C4F14F6D25DF816800696592 /* Roboto-BoldItalic.ttf in Resources */ = {isa = PBXBuildFile; fileRef = C4F14F6025DF816800696592 /* Roboto-BoldItalic.ttf */; };
		C4F14F6E25DF816800696592 /* Roboto-LightItalic.ttf in Resources */ = {isa = PBXBuildFile; fileRef = C4F14F6125DF816800696592 /* Roboto-LightItalic.ttf */; };
		C4F14F6F25DF816800696592 /* Roboto-Italic.ttf in Resources */ = {isa = PBXBuildFile; fileRef = C4F14F6225DF816800696592 /* Roboto-Italic.ttf */; };
		C4F14F7025DF816800696592 /* Roboto-BlackItalic.ttf in Resources */ = {isa = PBXBuildFile; fileRef = C4F14F6325DF816800696592 /* Roboto-BlackItalic.ttf */; };
		C4F14F7125DF816800696592 /* Roboto-Bold.ttf in Resources */ = {isa = PBXBuildFile; fileRef = C4F14F6425DF816800696592 /* Roboto-Bold.ttf */; };
		C4F14F7225DF816800696592 /* Roboto-Thin.ttf in Resources */ = {isa = PBXBuildFile; fileRef = C4F14F6525DF816800696592 /* Roboto-Thin.ttf */; };
		C4F14F7325DF816800696592 /* Roboto-Black.ttf in Resources */ = {isa = PBXBuildFile; fileRef = C4F14F6625DF816800696592 /* Roboto-Black.ttf */; };
		C4F14F7425DF816800696592 /* Colors.swift in Sources */ = {isa = PBXBuildFile; fileRef = C4F14F6725DF816800696592 /* Colors.swift */; };
		C4F14F7A25DF87AC00696592 /* TradeStock.swift in Sources */ = {isa = PBXBuildFile; fileRef = C4F14F7925DF87AC00696592 /* TradeStock.swift */; };
		C4F14F7D25DF889800696592 /* TradeDataProvider.swift in Sources */ = {isa = PBXBuildFile; fileRef = C4F14F7C25DF889800696592 /* TradeDataProvider.swift */; };
		C4F14F8225DF8EB000696592 /* ListStockTableCell.swift in Sources */ = {isa = PBXBuildFile; fileRef = C4F14F8025DF8EB000696592 /* ListStockTableCell.swift */; };
		C4F14F8325DF8EB000696592 /* ListStockTableCell.xib in Resources */ = {isa = PBXBuildFile; fileRef = C4F14F8125DF8EB000696592 /* ListStockTableCell.xib */; };
		C4FC617525DB743B00C3BA63 /* ListViewController.swift in Sources */ = {isa = PBXBuildFile; fileRef = C4FC617325DB743B00C3BA63 /* ListViewController.swift */; };
		C4FC617625DB743B00C3BA63 /* ListViewController.xib in Resources */ = {isa = PBXBuildFile; fileRef = C4FC617425DB743B00C3BA63 /* ListViewController.xib */; };
		FF69A980A2F2BBA5A59BAD2D /* Pods_YandexMDS2021.framework in Frameworks */ = {isa = PBXBuildFile; fileRef = 188673C6A9EA69D01C4C0E36 /* Pods_YandexMDS2021.framework */; };
/* End PBXBuildFile section */

/* Begin PBXFileReference section */
		188673C6A9EA69D01C4C0E36 /* Pods_YandexMDS2021.framework */ = {isa = PBXFileReference; explicitFileType = wrapper.framework; includeInIndex = 0; path = Pods_YandexMDS2021.framework; sourceTree = BUILT_PRODUCTS_DIR; };
		1CB50150E4458F27717D3E51 /* Pods-YandexMDS2021.release.xcconfig */ = {isa = PBXFileReference; includeInIndex = 1; lastKnownFileType = text.xcconfig; name = "Pods-YandexMDS2021.release.xcconfig"; path = "Target Support Files/Pods-YandexMDS2021/Pods-YandexMDS2021.release.xcconfig"; sourceTree = "<group>"; };
		A0D96115E87E9D519A56B0E1 /* Pods-YandexMDS2021.debug.xcconfig */ = {isa = PBXFileReference; includeInIndex = 1; lastKnownFileType = text.xcconfig; name = "Pods-YandexMDS2021.debug.xcconfig"; path = "Target Support Files/Pods-YandexMDS2021/Pods-YandexMDS2021.debug.xcconfig"; sourceTree = "<group>"; };
		C441227025E3E30600641F6F /* LaunchScreen.xib */ = {isa = PBXFileReference; lastKnownFileType = file.xib; path = LaunchScreen.xib; sourceTree = "<group>"; };
		C44D038025DC0E8F007ADD0A /* WSManager.swift */ = {isa = PBXFileReference; lastKnownFileType = sourcecode.swift; path = WSManager.swift; sourceTree = "<group>"; };
		C484557C25DA81B5005B812A /* YandexMDS2021.app */ = {isa = PBXFileReference; explicitFileType = wrapper.application; includeInIndex = 0; path = YandexMDS2021.app; sourceTree = BUILT_PRODUCTS_DIR; };
		C484557F25DA81B5005B812A /* AppDelegate.swift */ = {isa = PBXFileReference; lastKnownFileType = sourcecode.swift; path = AppDelegate.swift; sourceTree = "<group>"; };
		C484558825DA81B7005B812A /* Assets.xcassets */ = {isa = PBXFileReference; lastKnownFileType = folder.assetcatalog; path = Assets.xcassets; sourceTree = "<group>"; };
		C484558D25DA81B7005B812A /* Info.plist */ = {isa = PBXFileReference; lastKnownFileType = text.plist.xml; path = Info.plist; sourceTree = "<group>"; };
		C49BD24125E36BB7002D51E4 /* SearchHeaderTableCell.swift */ = {isa = PBXFileReference; lastKnownFileType = sourcecode.swift; path = SearchHeaderTableCell.swift; sourceTree = "<group>"; };
		C49BD24225E36BB7002D51E4 /* SearchHeaderTableCell.xib */ = {isa = PBXFileReference; lastKnownFileType = file.xib; path = SearchHeaderTableCell.xib; sourceTree = "<group>"; };
		C49BD25025E36D74002D51E4 /* SuggestionsCollectionTableCell.swift */ = {isa = PBXFileReference; lastKnownFileType = sourcecode.swift; path = SuggestionsCollectionTableCell.swift; sourceTree = "<group>"; };
		C49BD25125E36D74002D51E4 /* SuggestionsCollectionTableCell.xib */ = {isa = PBXFileReference; lastKnownFileType = file.xib; path = SuggestionsCollectionTableCell.xib; sourceTree = "<group>"; };
		C49BD25525E36DFC002D51E4 /* SuggestionCollectionCell.swift */ = {isa = PBXFileReference; lastKnownFileType = sourcecode.swift; path = SuggestionCollectionCell.swift; sourceTree = "<group>"; };
		C49BD25625E36DFC002D51E4 /* SuggestionCollectionCell.xib */ = {isa = PBXFileReference; lastKnownFileType = file.xib; path = SuggestionCollectionCell.xib; sourceTree = "<group>"; };
		C49BD25E25E396ED002D51E4 /* HTTPManager.swift */ = {isa = PBXFileReference; fileEncoding = 4; lastKnownFileType = sourcecode.swift; path = HTTPManager.swift; sourceTree = "<group>"; };
		C49BD26325E39898002D51E4 /* Ticker.swift */ = {isa = PBXFileReference; lastKnownFileType = sourcecode.swift; path = Ticker.swift; sourceTree = "<group>"; };
		C49BD26725E3ACD4002D51E4 /* UIView.swift */ = {isa = PBXFileReference; lastKnownFileType = sourcecode.swift; path = UIView.swift; sourceTree = "<group>"; };
		C4A274E425DFF19900DDD083 /* UISegmentedControl.swift */ = {isa = PBXFileReference; lastKnownFileType = sourcecode.swift; path = UISegmentedControl.swift; sourceTree = "<group>"; };
		C4A274E725DFF1B300DDD083 /* UIImage.swift */ = {isa = PBXFileReference; lastKnownFileType = sourcecode.swift; path = UIImage.swift; sourceTree = "<group>"; };
		C4A274EA25DFF39900DDD083 /* Data.swift */ = {isa = PBXFileReference; lastKnownFileType = sourcecode.swift; path = Data.swift; sourceTree = "<group>"; };
		C4A274EE25DFFCCB00DDD083 /* UIImageView.swift */ = {isa = PBXFileReference; lastKnownFileType = sourcecode.swift; path = UIImageView.swift; sourceTree = "<group>"; };
		C4AC8B8C25E0C2AB00EAA302 /* SearchViewController.swift */ = {isa = PBXFileReference; lastKnownFileType = sourcecode.swift; path = SearchViewController.swift; sourceTree = "<group>"; };
		C4AC8B8D25E0C2AB00EAA302 /* SearchViewController.xib */ = {isa = PBXFileReference; lastKnownFileType = file.xib; path = SearchViewController.xib; sourceTree = "<group>"; };
		C4C6AC1425E4C72000492D4C /* PageViewController.swift */ = {isa = PBXFileReference; lastKnownFileType = sourcecode.swift; path = PageViewController.swift; sourceTree = "<group>"; };
		C4C6AC1525E4C72000492D4C /* PageViewController.xib */ = {isa = PBXFileReference; lastKnownFileType = file.xib; path = PageViewController.xib; sourceTree = "<group>"; };
		C4C6AC2125E4C9A200492D4C /* ChartViewController.swift */ = {isa = PBXFileReference; lastKnownFileType = sourcecode.swift; path = ChartViewController.swift; sourceTree = "<group>"; };
		C4C6AC2225E4C9A200492D4C /* ChartViewController.xib */ = {isa = PBXFileReference; lastKnownFileType = file.xib; path = ChartViewController.xib; sourceTree = "<group>"; };
		C4C6AC2725E4C9BB00492D4C /* SummaryViewController.swift */ = {isa = PBXFileReference; lastKnownFileType = sourcecode.swift; path = SummaryViewController.swift; sourceTree = "<group>"; };
		C4C6AC2825E4C9BB00492D4C /* SummaryViewController.xib */ = {isa = PBXFileReference; lastKnownFileType = file.xib; path = SummaryViewController.xib; sourceTree = "<group>"; };
		C4C6AC2F25E4C9E300492D4C /* NewsViewController.swift */ = {isa = PBXFileReference; lastKnownFileType = sourcecode.swift; path = NewsViewController.swift; sourceTree = "<group>"; };
		C4C6AC3025E4C9E300492D4C /* NewsViewController.xib */ = {isa = PBXFileReference; lastKnownFileType = file.xib; path = NewsViewController.xib; sourceTree = "<group>"; };
		C4C6AC3525E4D2AE00492D4C /* PagerOption.swift */ = {isa = PBXFileReference; lastKnownFileType = sourcecode.swift; path = PagerOption.swift; sourceTree = "<group>"; };
		C4EF382425DFA42200C27931 /* ListHeaderTableCell.swift */ = {isa = PBXFileReference; lastKnownFileType = sourcecode.swift; path = ListHeaderTableCell.swift; sourceTree = "<group>"; };
		C4EF382525DFA42200C27931 /* ListHeaderTableCell.xib */ = {isa = PBXFileReference; lastKnownFileType = file.xib; path = ListHeaderTableCell.xib; sourceTree = "<group>"; };
		C4F14F5625DF80E200696592 /* IBDesignable.swift */ = {isa = PBXFileReference; fileEncoding = 4; lastKnownFileType = sourcecode.swift; path = IBDesignable.swift; sourceTree = "<group>"; };
		C4F14F5B25DF816800696592 /* Roboto-Medium.ttf */ = {isa = PBXFileReference; lastKnownFileType = file; path = "Roboto-Medium.ttf"; sourceTree = "<group>"; };
		C4F14F5C25DF816800696592 /* Roboto-Light.ttf */ = {isa = PBXFileReference; lastKnownFileType = file; path = "Roboto-Light.ttf"; sourceTree = "<group>"; };
		C4F14F5D25DF816800696592 /* Roboto-Regular.ttf */ = {isa = PBXFileReference; lastKnownFileType = file; path = "Roboto-Regular.ttf"; sourceTree = "<group>"; };
		C4F14F5E25DF816800696592 /* Roboto-MediumItalic.ttf */ = {isa = PBXFileReference; lastKnownFileType = file; path = "Roboto-MediumItalic.ttf"; sourceTree = "<group>"; };
		C4F14F5F25DF816800696592 /* Roboto-ThinItalic.ttf */ = {isa = PBXFileReference; lastKnownFileType = file; path = "Roboto-ThinItalic.ttf"; sourceTree = "<group>"; };
		C4F14F6025DF816800696592 /* Roboto-BoldItalic.ttf */ = {isa = PBXFileReference; lastKnownFileType = file; path = "Roboto-BoldItalic.ttf"; sourceTree = "<group>"; };
		C4F14F6125DF816800696592 /* Roboto-LightItalic.ttf */ = {isa = PBXFileReference; lastKnownFileType = file; path = "Roboto-LightItalic.ttf"; sourceTree = "<group>"; };
		C4F14F6225DF816800696592 /* Roboto-Italic.ttf */ = {isa = PBXFileReference; lastKnownFileType = file; path = "Roboto-Italic.ttf"; sourceTree = "<group>"; };
		C4F14F6325DF816800696592 /* Roboto-BlackItalic.ttf */ = {isa = PBXFileReference; lastKnownFileType = file; path = "Roboto-BlackItalic.ttf"; sourceTree = "<group>"; };
		C4F14F6425DF816800696592 /* Roboto-Bold.ttf */ = {isa = PBXFileReference; lastKnownFileType = file; path = "Roboto-Bold.ttf"; sourceTree = "<group>"; };
		C4F14F6525DF816800696592 /* Roboto-Thin.ttf */ = {isa = PBXFileReference; lastKnownFileType = file; path = "Roboto-Thin.ttf"; sourceTree = "<group>"; };
		C4F14F6625DF816800696592 /* Roboto-Black.ttf */ = {isa = PBXFileReference; lastKnownFileType = file; path = "Roboto-Black.ttf"; sourceTree = "<group>"; };
		C4F14F6725DF816800696592 /* Colors.swift */ = {isa = PBXFileReference; fileEncoding = 4; lastKnownFileType = sourcecode.swift; path = Colors.swift; sourceTree = "<group>"; };
		C4F14F7925DF87AC00696592 /* TradeStock.swift */ = {isa = PBXFileReference; lastKnownFileType = sourcecode.swift; path = TradeStock.swift; sourceTree = "<group>"; };
		C4F14F7C25DF889800696592 /* TradeDataProvider.swift */ = {isa = PBXFileReference; lastKnownFileType = sourcecode.swift; path = TradeDataProvider.swift; sourceTree = "<group>"; };
		C4F14F8025DF8EB000696592 /* ListStockTableCell.swift */ = {isa = PBXFileReference; lastKnownFileType = sourcecode.swift; path = ListStockTableCell.swift; sourceTree = "<group>"; };
		C4F14F8125DF8EB000696592 /* ListStockTableCell.xib */ = {isa = PBXFileReference; lastKnownFileType = file.xib; path = ListStockTableCell.xib; sourceTree = "<group>"; };
		C4FC617325DB743B00C3BA63 /* ListViewController.swift */ = {isa = PBXFileReference; lastKnownFileType = sourcecode.swift; path = ListViewController.swift; sourceTree = "<group>"; };
		C4FC617425DB743B00C3BA63 /* ListViewController.xib */ = {isa = PBXFileReference; lastKnownFileType = file.xib; path = ListViewController.xib; sourceTree = "<group>"; };
/* End PBXFileReference section */

/* Begin PBXFrameworksBuildPhase section */
		C484557925DA81B5005B812A /* Frameworks */ = {
			isa = PBXFrameworksBuildPhase;
			buildActionMask = 2147483647;
			files = (
				FF69A980A2F2BBA5A59BAD2D /* Pods_YandexMDS2021.framework in Frameworks */,
			);
			runOnlyForDeploymentPostprocessing = 0;
		};
/* End PBXFrameworksBuildPhase section */

/* Begin PBXGroup section */
		41D8792C064986D8CFFAC01D /* Pods */ = {
			isa = PBXGroup;
			children = (
				A0D96115E87E9D519A56B0E1 /* Pods-YandexMDS2021.debug.xcconfig */,
				1CB50150E4458F27717D3E51 /* Pods-YandexMDS2021.release.xcconfig */,
			);
			path = Pods;
			sourceTree = "<group>";
		};
		A1475CFBF7C69E4667D2D78E /* Frameworks */ = {
			isa = PBXGroup;
			children = (
				188673C6A9EA69D01C4C0E36 /* Pods_YandexMDS2021.framework */,
			);
			name = Frameworks;
			sourceTree = "<group>";
		};
		C441226F25E3E2DF00641F6F /* LaunchScreen */ = {
			isa = PBXGroup;
			children = (
				C441227025E3E30600641F6F /* LaunchScreen.xib */,
			);
			path = LaunchScreen;
			sourceTree = "<group>";
		};
		C44D038325DC192E007ADD0A /* Feature */ = {
			isa = PBXGroup;
			children = (
				C49BD25E25E396ED002D51E4 /* HTTPManager.swift */,
				C44D038025DC0E8F007ADD0A /* WSManager.swift */,
			);
			path = Feature;
			sourceTree = "<group>";
		};
		C44D038425DC1953007ADD0A /* Core */ = {
			isa = PBXGroup;
			children = (
				C4EF382A25DFB31800C27931 /* Extensions */,
				C4F14F7825DF86B200696592 /* Models */,
			);
			path = Core;
			sourceTree = "<group>";
		};
		C484557325DA81B5005B812A = {
			isa = PBXGroup;
			children = (
				C484557E25DA81B5005B812A /* YandexMDS2021 */,
				C484557D25DA81B5005B812A /* Products */,
				41D8792C064986D8CFFAC01D /* Pods */,
				A1475CFBF7C69E4667D2D78E /* Frameworks */,
			);
			sourceTree = "<group>";
		};
		C484557D25DA81B5005B812A /* Products */ = {
			isa = PBXGroup;
			children = (
				C484557C25DA81B5005B812A /* YandexMDS2021.app */,
			);
			name = Products;
			sourceTree = "<group>";
		};
		C484557E25DA81B5005B812A /* YandexMDS2021 */ = {
			isa = PBXGroup;
			children = (
				C484559625DA8276005B812A /* App */,
				C44D038425DC1953007ADD0A /* Core */,
				C4F14F7725DF85AD00696592 /* DataProviders */,
				C44D038325DC192E007ADD0A /* Feature */,
				C484559725DA8287005B812A /* Resources */,
				C484559925DA8387005B812A /* UI */,
			);
			path = YandexMDS2021;
			sourceTree = "<group>";
		};
		C484559625DA8276005B812A /* App */ = {
			isa = PBXGroup;
			children = (
				C484557F25DA81B5005B812A /* AppDelegate.swift */,
			);
			path = App;
			sourceTree = "<group>";
		};
		C484559725DA8287005B812A /* Resources */ = {
			isa = PBXGroup;
			children = (
				C484558D25DA81B7005B812A /* Info.plist */,
				C4F14F6725DF816800696592 /* Colors.swift */,
				C484558825DA81B7005B812A /* Assets.xcassets */,
				C4F14F5925DF816800696592 /* Fonts */,
			);
			path = Resources;
			sourceTree = "<group>";
		};
		C484559925DA8387005B812A /* UI */ = {
			isa = PBXGroup;
			children = (
				C484559B25DA8396005B812A /* Controllers */,
				C484559A25DA838B005B812A /* Views */,
			);
			path = UI;
			sourceTree = "<group>";
		};
		C484559A25DA838B005B812A /* Views */ = {
			isa = PBXGroup;
			children = (
				C441226F25E3E2DF00641F6F /* LaunchScreen */,
				C4F14F5525DF80E200696592 /* IBDesignable */,
				C4FC617B25DB74F800C3BA63 /* Cells */,
			);
			path = Views;
			sourceTree = "<group>";
		};
		C484559B25DA8396005B812A /* Controllers */ = {
			isa = PBXGroup;
			children = (
				C4C6AC2D25E4C9C200492D4C /* Card */,
				C4C6AC1F25E4C96000492D4C /* Pager */,
				C4FC617825DB744000C3BA63 /* List */,
				C4AC8B9125E0C2AE00EAA302 /* Search */,
			);
			path = Controllers;
			sourceTree = "<group>";
		};
		C49BD23D25E36B78002D51E4 /* Search */ = {
			isa = PBXGroup;
			children = (
				C49BD24825E36D0B002D51E4 /* SearchSuggestions */,
				C49BD24725E36CDB002D51E4 /* SearchHeader */,
			);
			path = Search;
			sourceTree = "<group>";
		};
		C49BD24025E36B8D002D51E4 /* List */ = {
			isa = PBXGroup;
			children = (
				C4EF382325DFA40D00C27931 /* ListHeader */,
				C4FC617C25DB74FE00C3BA63 /* ListStock */,
			);
			path = List;
			sourceTree = "<group>";
		};
		C49BD24725E36CDB002D51E4 /* SearchHeader */ = {
			isa = PBXGroup;
			children = (
				C49BD24125E36BB7002D51E4 /* SearchHeaderTableCell.swift */,
				C49BD24225E36BB7002D51E4 /* SearchHeaderTableCell.xib */,
			);
			path = SearchHeader;
			sourceTree = "<group>";
		};
		C49BD24825E36D0B002D51E4 /* SearchSuggestions */ = {
			isa = PBXGroup;
			children = (
				C49BD24A25E36D2D002D51E4 /* Cells */,
				C49BD24925E36D27002D51E4 /* Collection */,
			);
			path = SearchSuggestions;
			sourceTree = "<group>";
		};
		C49BD24925E36D27002D51E4 /* Collection */ = {
			isa = PBXGroup;
			children = (
				C49BD25025E36D74002D51E4 /* SuggestionsCollectionTableCell.swift */,
				C49BD25125E36D74002D51E4 /* SuggestionsCollectionTableCell.xib */,
			);
			path = Collection;
			sourceTree = "<group>";
		};
		C49BD24A25E36D2D002D51E4 /* Cells */ = {
			isa = PBXGroup;
			children = (
				C49BD25525E36DFC002D51E4 /* SuggestionCollectionCell.swift */,
				C49BD25625E36DFC002D51E4 /* SuggestionCollectionCell.xib */,
			);
			path = Cells;
			sourceTree = "<group>";
		};
		C4AC8B9125E0C2AE00EAA302 /* Search */ = {
			isa = PBXGroup;
			children = (
				C4AC8B8C25E0C2AB00EAA302 /* SearchViewController.swift */,
				C4AC8B8D25E0C2AB00EAA302 /* SearchViewController.xib */,
			);
			path = Search;
			sourceTree = "<group>";
		};
		C4C6AC1F25E4C96000492D4C /* Pager */ = {
			isa = PBXGroup;
			children = (
				C4C6AC3525E4D2AE00492D4C /* PagerOption.swift */,
				C4C6AC1425E4C72000492D4C /* PageViewController.swift */,
				C4C6AC1525E4C72000492D4C /* PageViewController.xib */,
			);
			path = Pager;
			sourceTree = "<group>";
		};
		C4C6AC2025E4C99300492D4C /* Chart */ = {
			isa = PBXGroup;
			children = (
				C4C6AC2125E4C9A200492D4C /* ChartViewController.swift */,
				C4C6AC2225E4C9A200492D4C /* ChartViewController.xib */,
			);
			path = Chart;
			sourceTree = "<group>";
		};
		C4C6AC2C25E4C9BE00492D4C /* Summary */ = {
			isa = PBXGroup;
			children = (
				C4C6AC2725E4C9BB00492D4C /* SummaryViewController.swift */,
				C4C6AC2825E4C9BB00492D4C /* SummaryViewController.xib */,
			);
			path = Summary;
			sourceTree = "<group>";
		};
		C4C6AC2D25E4C9C200492D4C /* Card */ = {
			isa = PBXGroup;
			children = (
				C4C6AC2E25E4C9D700492D4C /* News */,
				C4C6AC2C25E4C9BE00492D4C /* Summary */,
				C4C6AC2025E4C99300492D4C /* Chart */,
			);
			path = Card;
			sourceTree = "<group>";
		};
		C4C6AC2E25E4C9D700492D4C /* News */ = {
			isa = PBXGroup;
			children = (
				C4C6AC2F25E4C9E300492D4C /* NewsViewController.swift */,
				C4C6AC3025E4C9E300492D4C /* NewsViewController.xib */,
			);
			path = News;
			sourceTree = "<group>";
		};
		C4EF382325DFA40D00C27931 /* ListHeader */ = {
			isa = PBXGroup;
			children = (
				C4EF382425DFA42200C27931 /* ListHeaderTableCell.swift */,
				C4EF382525DFA42200C27931 /* ListHeaderTableCell.xib */,
			);
			path = ListHeader;
			sourceTree = "<group>";
		};
		C4EF382A25DFB31800C27931 /* Extensions */ = {
			isa = PBXGroup;
			children = (
				C4A274EA25DFF39900DDD083 /* Data.swift */,
				C4A274E725DFF1B300DDD083 /* UIImage.swift */,
				C4A274EE25DFFCCB00DDD083 /* UIImageView.swift */,
				C4A274E425DFF19900DDD083 /* UISegmentedControl.swift */,
				C49BD26725E3ACD4002D51E4 /* UIView.swift */,
			);
			path = Extensions;
			sourceTree = "<group>";
		};
		C4F14F5525DF80E200696592 /* IBDesignable */ = {
			isa = PBXGroup;
			children = (
				C4F14F5625DF80E200696592 /* IBDesignable.swift */,
			);
			path = IBDesignable;
			sourceTree = "<group>";
		};
		C4F14F5925DF816800696592 /* Fonts */ = {
			isa = PBXGroup;
			children = (
				C4F14F5A25DF816800696592 /* Roboto */,
			);
			path = Fonts;
			sourceTree = "<group>";
		};
		C4F14F5A25DF816800696592 /* Roboto */ = {
			isa = PBXGroup;
			children = (
				C4F14F5B25DF816800696592 /* Roboto-Medium.ttf */,
				C4F14F5C25DF816800696592 /* Roboto-Light.ttf */,
				C4F14F5D25DF816800696592 /* Roboto-Regular.ttf */,
				C4F14F5E25DF816800696592 /* Roboto-MediumItalic.ttf */,
				C4F14F5F25DF816800696592 /* Roboto-ThinItalic.ttf */,
				C4F14F6025DF816800696592 /* Roboto-BoldItalic.ttf */,
				C4F14F6125DF816800696592 /* Roboto-LightItalic.ttf */,
				C4F14F6225DF816800696592 /* Roboto-Italic.ttf */,
				C4F14F6325DF816800696592 /* Roboto-BlackItalic.ttf */,
				C4F14F6425DF816800696592 /* Roboto-Bold.ttf */,
				C4F14F6525DF816800696592 /* Roboto-Thin.ttf */,
				C4F14F6625DF816800696592 /* Roboto-Black.ttf */,
			);
			path = Roboto;
			sourceTree = "<group>";
		};
		C4F14F7725DF85AD00696592 /* DataProviders */ = {
			isa = PBXGroup;
			children = (
				C4F14F7C25DF889800696592 /* TradeDataProvider.swift */,
			);
			path = DataProviders;
			sourceTree = "<group>";
		};
		C4F14F7825DF86B200696592 /* Models */ = {
			isa = PBXGroup;
			children = (
				C4F14F7925DF87AC00696592 /* TradeStock.swift */,
				C49BD26325E39898002D51E4 /* Ticker.swift */,
			);
			path = Models;
			sourceTree = "<group>";
		};
		C4FC617825DB744000C3BA63 /* List */ = {
			isa = PBXGroup;
			children = (
				C4FC617325DB743B00C3BA63 /* ListViewController.swift */,
				C4FC617425DB743B00C3BA63 /* ListViewController.xib */,
			);
			path = List;
			sourceTree = "<group>";
		};
		C4FC617B25DB74F800C3BA63 /* Cells */ = {
			isa = PBXGroup;
			children = (
				C49BD24025E36B8D002D51E4 /* List */,
				C49BD23D25E36B78002D51E4 /* Search */,
			);
			path = Cells;
			sourceTree = "<group>";
		};
		C4FC617C25DB74FE00C3BA63 /* ListStock */ = {
			isa = PBXGroup;
			children = (
				C4F14F8025DF8EB000696592 /* ListStockTableCell.swift */,
				C4F14F8125DF8EB000696592 /* ListStockTableCell.xib */,
			);
			path = ListStock;
			sourceTree = "<group>";
		};
/* End PBXGroup section */

/* Begin PBXNativeTarget section */
		C484557B25DA81B5005B812A /* YandexMDS2021 */ = {
			isa = PBXNativeTarget;
			buildConfigurationList = C484559025DA81B7005B812A /* Build configuration list for PBXNativeTarget "YandexMDS2021" */;
			buildPhases = (
				148E4D9314C006CE7A14D5CD /* [CP] Check Pods Manifest.lock */,
				C484557825DA81B5005B812A /* Sources */,
				C484557925DA81B5005B812A /* Frameworks */,
				C484557A25DA81B5005B812A /* Resources */,
				C13EB02625E06051A969CEE6 /* [CP] Embed Pods Frameworks */,
			);
			buildRules = (
			);
			dependencies = (
			);
			name = YandexMDS2021;
			productName = YandexMDS2021;
			productReference = C484557C25DA81B5005B812A /* YandexMDS2021.app */;
			productType = "com.apple.product-type.application";
		};
/* End PBXNativeTarget section */

/* Begin PBXProject section */
		C484557425DA81B5005B812A /* Project object */ = {
			isa = PBXProject;
			attributes = {
				LastSwiftUpdateCheck = 1240;
				LastUpgradeCheck = 1240;
				TargetAttributes = {
					C484557B25DA81B5005B812A = {
						CreatedOnToolsVersion = 12.4;
					};
				};
			};
			buildConfigurationList = C484557725DA81B5005B812A /* Build configuration list for PBXProject "YandexMDS2021" */;
			compatibilityVersion = "Xcode 9.3";
			developmentRegion = en;
			hasScannedForEncodings = 0;
			knownRegions = (
				en,
				Base,
			);
			mainGroup = C484557325DA81B5005B812A;
			productRefGroup = C484557D25DA81B5005B812A /* Products */;
			projectDirPath = "";
			projectRoot = "";
			targets = (
				C484557B25DA81B5005B812A /* YandexMDS2021 */,
			);
		};
/* End PBXProject section */

/* Begin PBXResourcesBuildPhase section */
		C484557A25DA81B5005B812A /* Resources */ = {
			isa = PBXResourcesBuildPhase;
			buildActionMask = 2147483647;
			files = (
				C4F14F7225DF816800696592 /* Roboto-Thin.ttf in Resources */,
				C4F14F8325DF8EB000696592 /* ListStockTableCell.xib in Resources */,
				C4F14F6D25DF816800696592 /* Roboto-BoldItalic.ttf in Resources */,
				C4F14F7325DF816800696592 /* Roboto-Black.ttf in Resources */,
				C4F14F7125DF816800696592 /* Roboto-Bold.ttf in Resources */,
				C49BD25825E36DFC002D51E4 /* SuggestionCollectionCell.xib in Resources */,
				C4F14F6A25DF816800696592 /* Roboto-Regular.ttf in Resources */,
				C4C6AC2425E4C9A200492D4C /* ChartViewController.xib in Resources */,
				C4EF382725DFA42200C27931 /* ListHeaderTableCell.xib in Resources */,
				C49BD24425E36BB7002D51E4 /* SearchHeaderTableCell.xib in Resources */,
				C4F14F6E25DF816800696592 /* Roboto-LightItalic.ttf in Resources */,
				C441227125E3E30600641F6F /* LaunchScreen.xib in Resources */,
				C4F14F6825DF816800696592 /* Roboto-Medium.ttf in Resources */,
				C4C6AC1725E4C72000492D4C /* PageViewController.xib in Resources */,
				C4F14F6925DF816800696592 /* Roboto-Light.ttf in Resources */,
				C4C6AC2A25E4C9BB00492D4C /* SummaryViewController.xib in Resources */,
				C4F14F6C25DF816800696592 /* Roboto-ThinItalic.ttf in Resources */,
				C4F14F7025DF816800696592 /* Roboto-BlackItalic.ttf in Resources */,
				C4F14F6B25DF816800696592 /* Roboto-MediumItalic.ttf in Resources */,
				C4FC617625DB743B00C3BA63 /* ListViewController.xib in Resources */,
				C4F14F6F25DF816800696592 /* Roboto-Italic.ttf in Resources */,
				C4AC8B8F25E0C2AB00EAA302 /* SearchViewController.xib in Resources */,
				C4C6AC3225E4C9E300492D4C /* NewsViewController.xib in Resources */,
				C49BD25325E36D74002D51E4 /* SuggestionsCollectionTableCell.xib in Resources */,
				C484558925DA81B7005B812A /* Assets.xcassets in Resources */,
			);
			runOnlyForDeploymentPostprocessing = 0;
		};
/* End PBXResourcesBuildPhase section */

/* Begin PBXShellScriptBuildPhase section */
		148E4D9314C006CE7A14D5CD /* [CP] Check Pods Manifest.lock */ = {
			isa = PBXShellScriptBuildPhase;
			buildActionMask = 2147483647;
			files = (
			);
			inputFileListPaths = (
			);
			inputPaths = (
				"${PODS_PODFILE_DIR_PATH}/Podfile.lock",
				"${PODS_ROOT}/Manifest.lock",
			);
			name = "[CP] Check Pods Manifest.lock";
			outputFileListPaths = (
			);
			outputPaths = (
				"$(DERIVED_FILE_DIR)/Pods-YandexMDS2021-checkManifestLockResult.txt",
			);
			runOnlyForDeploymentPostprocessing = 0;
			shellPath = /bin/sh;
			shellScript = "diff \"${PODS_PODFILE_DIR_PATH}/Podfile.lock\" \"${PODS_ROOT}/Manifest.lock\" > /dev/null\nif [ $? != 0 ] ; then\n    # print error to STDERR\n    echo \"error: The sandbox is not in sync with the Podfile.lock. Run 'pod install' or update your CocoaPods installation.\" >&2\n    exit 1\nfi\n# This output is used by Xcode 'outputs' to avoid re-running this script phase.\necho \"SUCCESS\" > \"${SCRIPT_OUTPUT_FILE_0}\"\n";
			showEnvVarsInLog = 0;
		};
		C13EB02625E06051A969CEE6 /* [CP] Embed Pods Frameworks */ = {
			isa = PBXShellScriptBuildPhase;
			buildActionMask = 2147483647;
			files = (
			);
			inputFileListPaths = (
				"${PODS_ROOT}/Target Support Files/Pods-YandexMDS2021/Pods-YandexMDS2021-frameworks-${CONFIGURATION}-input-files.xcfilelist",
			);
			name = "[CP] Embed Pods Frameworks";
			outputFileListPaths = (
				"${PODS_ROOT}/Target Support Files/Pods-YandexMDS2021/Pods-YandexMDS2021-frameworks-${CONFIGURATION}-output-files.xcfilelist",
			);
			runOnlyForDeploymentPostprocessing = 0;
			shellPath = /bin/sh;
			shellScript = "\"${PODS_ROOT}/Target Support Files/Pods-YandexMDS2021/Pods-YandexMDS2021-frameworks.sh\"\n";
			showEnvVarsInLog = 0;
		};
/* End PBXShellScriptBuildPhase section */

/* Begin PBXSourcesBuildPhase section */
		C484557825DA81B5005B812A /* Sources */ = {
			isa = PBXSourcesBuildPhase;
			buildActionMask = 2147483647;
			files = (
				C4C6AC3625E4D2AF00492D4C /* PagerOption.swift in Sources */,
				C49BD26825E3ACD4002D51E4 /* UIView.swift in Sources */,
				C4F14F7D25DF889800696592 /* TradeDataProvider.swift in Sources */,
				C4EF382625DFA42200C27931 /* ListHeaderTableCell.swift in Sources */,
				C4A274E525DFF19900DDD083 /* UISegmentedControl.swift in Sources */,
				C4FC617525DB743B00C3BA63 /* ListViewController.swift in Sources */,
				C4F14F5725DF80E200696592 /* IBDesignable.swift in Sources */,
				C49BD25725E36DFC002D51E4 /* SuggestionCollectionCell.swift in Sources */,
				C4F14F7425DF816800696592 /* Colors.swift in Sources */,
				C49BD26425E39898002D51E4 /* Ticker.swift in Sources */,
				C4A274EB25DFF39900DDD083 /* Data.swift in Sources */,
				C44D038125DC0E8F007ADD0A /* WSManager.swift in Sources */,
				C4AC8B8E25E0C2AB00EAA302 /* SearchViewController.swift in Sources */,
				C4C6AC1625E4C72000492D4C /* PageViewController.swift in Sources */,
				C484558025DA81B5005B812A /* AppDelegate.swift in Sources */,
				C4A274EF25DFFCCB00DDD083 /* UIImageView.swift in Sources */,
				C4C6AC3125E4C9E300492D4C /* NewsViewController.swift in Sources */,
				C4F14F7A25DF87AC00696592 /* TradeStock.swift in Sources */,
				C49BD25F25E396ED002D51E4 /* HTTPManager.swift in Sources */,
				C4A274E825DFF1B300DDD083 /* UIImage.swift in Sources */,
				C4F14F8225DF8EB000696592 /* ListStockTableCell.swift in Sources */,
				C49BD25225E36D74002D51E4 /* SuggestionsCollectionTableCell.swift in Sources */,
				C4C6AC2925E4C9BB00492D4C /* SummaryViewController.swift in Sources */,
				C49BD24325E36BB7002D51E4 /* SearchHeaderTableCell.swift in Sources */,
				C4C6AC2325E4C9A200492D4C /* ChartViewController.swift in Sources */,
			);
			runOnlyForDeploymentPostprocessing = 0;
		};
/* End PBXSourcesBuildPhase section */

/* Begin XCBuildConfiguration section */
		C484558E25DA81B7005B812A /* Debug */ = {
			isa = XCBuildConfiguration;
			buildSettings = {
				ALWAYS_SEARCH_USER_PATHS = NO;
				CLANG_ANALYZER_NONNULL = YES;
				CLANG_ANALYZER_NUMBER_OBJECT_CONVERSION = YES_AGGRESSIVE;
				CLANG_CXX_LANGUAGE_STANDARD = "gnu++14";
				CLANG_CXX_LIBRARY = "libc++";
				CLANG_ENABLE_MODULES = YES;
				CLANG_ENABLE_OBJC_ARC = YES;
				CLANG_ENABLE_OBJC_WEAK = YES;
				CLANG_WARN_BLOCK_CAPTURE_AUTORELEASING = YES;
				CLANG_WARN_BOOL_CONVERSION = YES;
				CLANG_WARN_COMMA = YES;
				CLANG_WARN_CONSTANT_CONVERSION = YES;
				CLANG_WARN_DEPRECATED_OBJC_IMPLEMENTATIONS = YES;
				CLANG_WARN_DIRECT_OBJC_ISA_USAGE = YES_ERROR;
				CLANG_WARN_DOCUMENTATION_COMMENTS = YES;
				CLANG_WARN_EMPTY_BODY = YES;
				CLANG_WARN_ENUM_CONVERSION = YES;
				CLANG_WARN_INFINITE_RECURSION = YES;
				CLANG_WARN_INT_CONVERSION = YES;
				CLANG_WARN_NON_LITERAL_NULL_CONVERSION = YES;
				CLANG_WARN_OBJC_IMPLICIT_RETAIN_SELF = YES;
				CLANG_WARN_OBJC_LITERAL_CONVERSION = YES;
				CLANG_WARN_OBJC_ROOT_CLASS = YES_ERROR;
				CLANG_WARN_QUOTED_INCLUDE_IN_FRAMEWORK_HEADER = YES;
				CLANG_WARN_RANGE_LOOP_ANALYSIS = YES;
				CLANG_WARN_STRICT_PROTOTYPES = YES;
				CLANG_WARN_SUSPICIOUS_MOVE = YES;
				CLANG_WARN_UNGUARDED_AVAILABILITY = YES_AGGRESSIVE;
				CLANG_WARN_UNREACHABLE_CODE = YES;
				CLANG_WARN__DUPLICATE_METHOD_MATCH = YES;
				COPY_PHASE_STRIP = NO;
				DEBUG_INFORMATION_FORMAT = dwarf;
				ENABLE_STRICT_OBJC_MSGSEND = YES;
				ENABLE_TESTABILITY = YES;
				GCC_C_LANGUAGE_STANDARD = gnu11;
				GCC_DYNAMIC_NO_PIC = NO;
				GCC_NO_COMMON_BLOCKS = YES;
				GCC_OPTIMIZATION_LEVEL = 0;
				GCC_PREPROCESSOR_DEFINITIONS = (
					"DEBUG=1",
					"$(inherited)",
				);
				GCC_WARN_64_TO_32_BIT_CONVERSION = YES;
				GCC_WARN_ABOUT_RETURN_TYPE = YES_ERROR;
				GCC_WARN_UNDECLARED_SELECTOR = YES;
				GCC_WARN_UNINITIALIZED_AUTOS = YES_AGGRESSIVE;
				GCC_WARN_UNUSED_FUNCTION = YES;
				GCC_WARN_UNUSED_VARIABLE = YES;
				IPHONEOS_DEPLOYMENT_TARGET = 14.4;
				MTL_ENABLE_DEBUG_INFO = INCLUDE_SOURCE;
				MTL_FAST_MATH = YES;
				ONLY_ACTIVE_ARCH = YES;
				SDKROOT = iphoneos;
				SWIFT_ACTIVE_COMPILATION_CONDITIONS = DEBUG;
				SWIFT_OPTIMIZATION_LEVEL = "-Onone";
			};
			name = Debug;
		};
		C484558F25DA81B7005B812A /* Release */ = {
			isa = XCBuildConfiguration;
			buildSettings = {
				ALWAYS_SEARCH_USER_PATHS = NO;
				CLANG_ANALYZER_NONNULL = YES;
				CLANG_ANALYZER_NUMBER_OBJECT_CONVERSION = YES_AGGRESSIVE;
				CLANG_CXX_LANGUAGE_STANDARD = "gnu++14";
				CLANG_CXX_LIBRARY = "libc++";
				CLANG_ENABLE_MODULES = YES;
				CLANG_ENABLE_OBJC_ARC = YES;
				CLANG_ENABLE_OBJC_WEAK = YES;
				CLANG_WARN_BLOCK_CAPTURE_AUTORELEASING = YES;
				CLANG_WARN_BOOL_CONVERSION = YES;
				CLANG_WARN_COMMA = YES;
				CLANG_WARN_CONSTANT_CONVERSION = YES;
				CLANG_WARN_DEPRECATED_OBJC_IMPLEMENTATIONS = YES;
				CLANG_WARN_DIRECT_OBJC_ISA_USAGE = YES_ERROR;
				CLANG_WARN_DOCUMENTATION_COMMENTS = YES;
				CLANG_WARN_EMPTY_BODY = YES;
				CLANG_WARN_ENUM_CONVERSION = YES;
				CLANG_WARN_INFINITE_RECURSION = YES;
				CLANG_WARN_INT_CONVERSION = YES;
				CLANG_WARN_NON_LITERAL_NULL_CONVERSION = YES;
				CLANG_WARN_OBJC_IMPLICIT_RETAIN_SELF = YES;
				CLANG_WARN_OBJC_LITERAL_CONVERSION = YES;
				CLANG_WARN_OBJC_ROOT_CLASS = YES_ERROR;
				CLANG_WARN_QUOTED_INCLUDE_IN_FRAMEWORK_HEADER = YES;
				CLANG_WARN_RANGE_LOOP_ANALYSIS = YES;
				CLANG_WARN_STRICT_PROTOTYPES = YES;
				CLANG_WARN_SUSPICIOUS_MOVE = YES;
				CLANG_WARN_UNGUARDED_AVAILABILITY = YES_AGGRESSIVE;
				CLANG_WARN_UNREACHABLE_CODE = YES;
				CLANG_WARN__DUPLICATE_METHOD_MATCH = YES;
				COPY_PHASE_STRIP = NO;
				DEBUG_INFORMATION_FORMAT = "dwarf-with-dsym";
				ENABLE_NS_ASSERTIONS = NO;
				ENABLE_STRICT_OBJC_MSGSEND = YES;
				GCC_C_LANGUAGE_STANDARD = gnu11;
				GCC_NO_COMMON_BLOCKS = YES;
				GCC_WARN_64_TO_32_BIT_CONVERSION = YES;
				GCC_WARN_ABOUT_RETURN_TYPE = YES_ERROR;
				GCC_WARN_UNDECLARED_SELECTOR = YES;
				GCC_WARN_UNINITIALIZED_AUTOS = YES_AGGRESSIVE;
				GCC_WARN_UNUSED_FUNCTION = YES;
				GCC_WARN_UNUSED_VARIABLE = YES;
				IPHONEOS_DEPLOYMENT_TARGET = 14.4;
				MTL_ENABLE_DEBUG_INFO = NO;
				MTL_FAST_MATH = YES;
				SDKROOT = iphoneos;
				SWIFT_COMPILATION_MODE = wholemodule;
				SWIFT_OPTIMIZATION_LEVEL = "-O";
				VALIDATE_PRODUCT = YES;
			};
			name = Release;
		};
		C484559125DA81B7005B812A /* Debug */ = {
			isa = XCBuildConfiguration;
			baseConfigurationReference = A0D96115E87E9D519A56B0E1 /* Pods-YandexMDS2021.debug.xcconfig */;
			buildSettings = {
				ASSETCATALOG_COMPILER_APPICON_NAME = AppIcon;
				ASSETCATALOG_COMPILER_GLOBAL_ACCENT_COLOR_NAME = AccentColor;
				CODE_SIGN_STYLE = Automatic;
				DEVELOPMENT_TEAM = EU9TQLF5BQ;
				INFOPLIST_FILE = YandexMDS2021/Resources/Info.plist;
				LD_RUNPATH_SEARCH_PATHS = (
					"$(inherited)",
					"@executable_path/Frameworks",
				);
				MARKETING_VERSION = 1.1.0;
				PRODUCT_BUNDLE_IDENTIFIER = ru.kotov.YandexMDS2021;
				PRODUCT_NAME = "$(TARGET_NAME)";
				SWIFT_VERSION = 5.0;
				TARGETED_DEVICE_FAMILY = 1;
			};
			name = Debug;
		};
		C484559225DA81B7005B812A /* Release */ = {
			isa = XCBuildConfiguration;
			baseConfigurationReference = 1CB50150E4458F27717D3E51 /* Pods-YandexMDS2021.release.xcconfig */;
			buildSettings = {
				ASSETCATALOG_COMPILER_APPICON_NAME = AppIcon;
				ASSETCATALOG_COMPILER_GLOBAL_ACCENT_COLOR_NAME = AccentColor;
				CODE_SIGN_STYLE = Automatic;
				DEVELOPMENT_TEAM = EU9TQLF5BQ;
				INFOPLIST_FILE = YandexMDS2021/Resources/Info.plist;
				LD_RUNPATH_SEARCH_PATHS = (
					"$(inherited)",
					"@executable_path/Frameworks",
				);
				MARKETING_VERSION = 1.1.0;
				PRODUCT_BUNDLE_IDENTIFIER = ru.kotov.YandexMDS2021;
				PRODUCT_NAME = "$(TARGET_NAME)";
				SWIFT_VERSION = 5.0;
				TARGETED_DEVICE_FAMILY = 1;
			};
			name = Release;
		};
/* End XCBuildConfiguration section */

/* Begin XCConfigurationList section */
		C484557725DA81B5005B812A /* Build configuration list for PBXProject "YandexMDS2021" */ = {
			isa = XCConfigurationList;
			buildConfigurations = (
				C484558E25DA81B7005B812A /* Debug */,
				C484558F25DA81B7005B812A /* Release */,
			);
			defaultConfigurationIsVisible = 0;
			defaultConfigurationName = Release;
		};
		C484559025DA81B7005B812A /* Build configuration list for PBXNativeTarget "YandexMDS2021" */ = {
			isa = XCConfigurationList;
			buildConfigurations = (
				C484559125DA81B7005B812A /* Debug */,
				C484559225DA81B7005B812A /* Release */,
			);
			defaultConfigurationIsVisible = 0;
			defaultConfigurationName = Release;
		};
/* End XCConfigurationList section */
	};
	rootObject = C484557425DA81B5005B812A /* Project object */;
}
